
Microsoft Visual Studio Solution File, Format Version 12.00
# Visual Studio Version 16
VisualStudioVersion = 16.0.30204.135
MinimumVisualStudioVersion = 10.0.40219.1
Project("{FAE04EC0-301F-11D3-BF4B-00C04F79EFBC}") = "orders", "orders\orders.csproj", "{DA266C86-6551-4E86-980F-B6D66A406A03}"
EndProject
Global
	GlobalSection(SolutionConfigurationPlatforms) = preSolution
		Debug|Any CPU = Debug|Any CPU
		Release|Any CPU = Release|Any CPU
	EndGlobalSection
	GlobalSection(ProjectConfigurationPlatforms) = postSolution
		{DA266C86-6551-4E86-980F-B6D66A406A03}.Debug|Any CPU.ActiveCfg = Debug|Any CPU
		{DA266C86-6551-4E86-980F-B6D66A406A03}.Debug|Any CPU.Build.0 = Debug|Any CPU
		{DA266C86-6551-4E86-980F-B6D66A406A03}.Release|Any CPU.ActiveCfg = Release|Any CPU
		{DA266C86-6551-4E86-980F-B6D66A406A03}.Release|Any CPU.Build.0 = Release|Any CPU
	EndGlobalSection
	GlobalSection(SolutionProperties) = preSolution
		HideSolutionNode = FALSE
	EndGlobalSection
	GlobalSection(ExtensibilityGlobals) = postSolution
		SolutionGuid = {7856DA5D-A39A-4543-A3AF-BD791256C621}
	EndGlobalSection
EndGlobal
